// !$*UTF8*$!
{
	archiveVersion = 1;
	classes = {
	};
	objectVersion = 56;
	objects = {

/* Begin PBXBuildFile section */
		C6F438B22BC8BFAF004EC1C2 /* TimerApp.swift in Sources */ = {isa = PBXBuildFile; fileRef = C6F438B12BC8BFAF004EC1C2 /* TimerApp.swift */; };
		C6F438B42BC8BFAF004EC1C2 /* ContentView.swift in Sources */ = {isa = PBXBuildFile; fileRef = C6F438B32BC8BFAF004EC1C2 /* ContentView.swift */; };
		C6F438B62BC8BFB1004EC1C2 /* Assets.xcassets in Resources */ = {isa = PBXBuildFile; fileRef = C6F438B52BC8BFB1004EC1C2 /* Assets.xcassets */; };
		C6F438B92BC8BFB1004EC1C2 /* Preview Assets.xcassets in Resources */ = {isa = PBXBuildFile; fileRef = C6F438B82BC8BFB1004EC1C2 /* Preview Assets.xcassets */; };
		C6F438C12BC8CED6004EC1C2 /* ios_17_radial.mp3 in Resources */ = {isa = PBXBuildFile; fileRef = C6F438C02BC8CED6004EC1C2 /* ios_17_radial.mp3 */; };
		C6F438C32BC8D4A8004EC1C2 /* AlwaysOnTopView.swift in Sources */ = {isa = PBXBuildFile; fileRef = C6F438C22BC8D4A8004EC1C2 /* AlwaysOnTopView.swift */; };
		C6F438C52BC8D4CA004EC1C2 /* SoundManager.swift in Sources */ = {isa = PBXBuildFile; fileRef = C6F438C42BC8D4CA004EC1C2 /* SoundManager.swift */; };
		C6F438C72BC8F62E004EC1C2 /* SetTimerView.swift in Sources */ = {isa = PBXBuildFile; fileRef = C6F438C62BC8F62E004EC1C2 /* SetTimerView.swift */; };
/* End PBXBuildFile section */

/* Begin PBXFileReference section */
		C6F438AE2BC8BFAF004EC1C2 /* Timer.app */ = {isa = PBXFileReference; explicitFileType = wrapper.application; includeInIndex = 0; path = Timer.app; sourceTree = BUILT_PRODUCTS_DIR; };
		C6F438B12BC8BFAF004EC1C2 /* TimerApp.swift */ = {isa = PBXFileReference; lastKnownFileType = sourcecode.swift; path = TimerApp.swift; sourceTree = "<group>"; };
		C6F438B32BC8BFAF004EC1C2 /* ContentView.swift */ = {isa = PBXFileReference; lastKnownFileType = sourcecode.swift; path = ContentView.swift; sourceTree = "<group>"; };
		C6F438B52BC8BFB1004EC1C2 /* Assets.xcassets */ = {isa = PBXFileReference; lastKnownFileType = folder.assetcatalog; path = Assets.xcassets; sourceTree = "<group>"; };
		C6F438B82BC8BFB1004EC1C2 /* Preview Assets.xcassets */ = {isa = PBXFileReference; lastKnownFileType = folder.assetcatalog; path = "Preview Assets.xcassets"; sourceTree = "<group>"; };
		C6F438BA2BC8BFB1004EC1C2 /* Timer.entitlements */ = {isa = PBXFileReference; lastKnownFileType = text.plist.entitlements; path = Timer.entitlements; sourceTree = "<group>"; };
		C6F438C02BC8CED6004EC1C2 /* ios_17_radial.mp3 */ = {isa = PBXFileReference; lastKnownFileType = audio.mp3; name = ios_17_radial.mp3; path = ../../../Downloads/ios_17_radial.mp3; sourceTree = "<group>"; };
		C6F438C22BC8D4A8004EC1C2 /* AlwaysOnTopView.swift */ = {isa = PBXFileReference; lastKnownFileType = sourcecode.swift; path = AlwaysOnTopView.swift; sourceTree = "<group>"; };
		C6F438C42BC8D4CA004EC1C2 /* SoundManager.swift */ = {isa = PBXFileReference; lastKnownFileType = sourcecode.swift; path = SoundManager.swift; sourceTree = "<group>"; };
		C6F438C62BC8F62E004EC1C2 /* SetTimerView.swift */ = {isa = PBXFileReference; lastKnownFileType = sourcecode.swift; path = SetTimerView.swift; sourceTree = "<group>"; };
/* End PBXFileReference section */

/* Begin PBXFrameworksBuildPhase section */
		C6F438AB2BC8BFAF004EC1C2 /* Frameworks */ = {
			isa = PBXFrameworksBuildPhase;
			buildActionMask = 2147483647;
			files = (
			);
			runOnlyForDeploymentPostprocessing = 0;
		};
/* End PBXFrameworksBuildPhase section */

/* Begin PBXGroup section */
		C6F438A52BC8BFAF004EC1C2 = {
			isa = PBXGroup;
			children = (
				C6F438B02BC8BFAF004EC1C2 /* Timer */,
				C6F438AF2BC8BFAF004EC1C2 /* Products */,
			);
			sourceTree = "<group>";
		};
		C6F438AF2BC8BFAF004EC1C2 /* Products */ = {
			isa = PBXGroup;
			children = (
				C6F438AE2BC8BFAF004EC1C2 /* Timer.app */,
			);
			name = Products;
			sourceTree = "<group>";
		};
		C6F438B02BC8BFAF004EC1C2 /* Timer */ = {
			isa = PBXGroup;
			children = (
				C6F438B12BC8BFAF004EC1C2 /* TimerApp.swift */,
				C6F438C02BC8CED6004EC1C2 /* ios_17_radial.mp3 */,
				C6F438B32BC8BFAF004EC1C2 /* ContentView.swift */,
				C6F438C62BC8F62E004EC1C2 /* SetTimerView.swift */,
				C6F438C22BC8D4A8004EC1C2 /* AlwaysOnTopView.swift */,
				C6F438C42BC8D4CA004EC1C2 /* SoundManager.swift */,
				C6F438B52BC8BFB1004EC1C2 /* Assets.xcassets */,
				C6F438BA2BC8BFB1004EC1C2 /* Timer.entitlements */,
				C6F438B72BC8BFB1004EC1C2 /* Preview Content */,
			);
			path = Timer;
			sourceTree = "<group>";
		};
		C6F438B72BC8BFB1004EC1C2 /* Preview Content */ = {
			isa = PBXGroup;
			children = (
				C6F438B82BC8BFB1004EC1C2 /* Preview Assets.xcassets */,
			);
			path = "Preview Content";
			sourceTree = "<group>";
		};
/* End PBXGroup section */

/* Begin PBXNativeTarget section */
		C6F438AD2BC8BFAF004EC1C2 /* Timer */ = {
			isa = PBXNativeTarget;
			buildConfigurationList = C6F438BD2BC8BFB1004EC1C2 /* Build configuration list for PBXNativeTarget "Timer" */;
			buildPhases = (
				C6F438AA2BC8BFAF004EC1C2 /* Sources */,
				C6F438AB2BC8BFAF004EC1C2 /* Frameworks */,
				C6F438AC2BC8BFAF004EC1C2 /* Resources */,
			);
			buildRules = (
			);
			dependencies = (
			);
			name = Timer;
			productName = Timer;
			productReference = C6F438AE2BC8BFAF004EC1C2 /* Timer.app */;
			productType = "com.apple.product-type.application";
		};
/* End PBXNativeTarget section */

/* Begin PBXProject section */
		C6F438A62BC8BFAF004EC1C2 /* Project object */ = {
			isa = PBXProject;
			attributes = {
				BuildIndependentTargetsInParallel = 1;
				LastSwiftUpdateCheck = 1530;
				LastUpgradeCheck = 1530;
				TargetAttributes = {
					C6F438AD2BC8BFAF004EC1C2 = {
						CreatedOnToolsVersion = 15.3;
					};
				};
			};
			buildConfigurationList = C6F438A92BC8BFAF004EC1C2 /* Build configuration list for PBXProject "Timer" */;
			compatibilityVersion = "Xcode 14.0";
			developmentRegion = en;
			hasScannedForEncodings = 0;
			knownRegions = (
				en,
				Base,
			);
			mainGroup = C6F438A52BC8BFAF004EC1C2;
			productRefGroup = C6F438AF2BC8BFAF004EC1C2 /* Products */;
			projectDirPath = "";
			projectRoot = "";
			targets = (
				C6F438AD2BC8BFAF004EC1C2 /* Timer */,
			);
		};
/* End PBXProject section */

/* Begin PBXResourcesBuildPhase section */
		C6F438AC2BC8BFAF004EC1C2 /* Resources */ = {
			isa = PBXResourcesBuildPhase;
			buildActionMask = 2147483647;
			files = (
				C6F438B92BC8BFB1004EC1C2 /* Preview Assets.xcassets in Resources */,
				C6F438B62BC8BFB1004EC1C2 /* Assets.xcassets in Resources */,
				C6F438C12BC8CED6004EC1C2 /* ios_17_radial.mp3 in Resources */,
			);
			runOnlyForDeploymentPostprocessing = 0;
		};
/* End PBXResourcesBuildPhase section */

/* Begin PBXSourcesBuildPhase section */
		C6F438AA2BC8BFAF004EC1C2 /* Sources */ = {
			isa = PBXSourcesBuildPhase;
			buildActionMask = 2147483647;
			files = (
				C6F438C72BC8F62E004EC1C2 /* SetTimerView.swift in Sources */,
				C6F438B42BC8BFAF004EC1C2 /* ContentView.swift in Sources */,
				C6F438C52BC8D4CA004EC1C2 /* SoundManager.swift in Sources */,
				C6F438C32BC8D4A8004EC1C2 /* AlwaysOnTopView.swift in Sources */,
				C6F438B22BC8BFAF004EC1C2 /* TimerApp.swift in Sources */,
			);
			runOnlyForDeploymentPostprocessing = 0;
		};
/* End PBXSourcesBuildPhase section */

/* Begin XCBuildConfiguration section */
		C6F438BB2BC8BFB1004EC1C2 /* Debug */ = {
			isa = XCBuildConfiguration;
			buildSettings = {
				ALWAYS_SEARCH_USER_PATHS = NO;
				ASSETCATALOG_COMPILER_GENERATE_SWIFT_ASSET_SYMBOL_EXTENSIONS = YES;
				CLANG_ANALYZER_NONNULL = YES;
				CLANG_ANALYZER_NUMBER_OBJECT_CONVERSION = YES_AGGRESSIVE;
				CLANG_CXX_LANGUAGE_STANDARD = "gnu++20";
				CLANG_ENABLE_MODULES = YES;
				CLANG_ENABLE_OBJC_ARC = YES;
				CLANG_ENABLE_OBJC_WEAK = YES;
				CLANG_WARN_BLOCK_CAPTURE_AUTORELEASING = YES;
				CLANG_WARN_BOOL_CONVERSION = YES;
				CLANG_WARN_COMMA = YES;
				CLANG_WARN_CONSTANT_CONVERSION = YES;
				CLANG_WARN_DEPRECATED_OBJC_IMPLEMENTATIONS = YES;
				CLANG_WARN_DIRECT_OBJC_ISA_USAGE = YES_ERROR;
				CLANG_WARN_DOCUMENTATION_COMMENTS = YES;
				CLANG_WARN_EMPTY_BODY = YES;
				CLANG_WARN_ENUM_CONVERSION = YES;
				CLANG_WARN_INFINITE_RECURSION = YES;
				CLANG_WARN_INT_CONVERSION = YES;
				CLANG_WARN_NON_LITERAL_NULL_CONVERSION = YES;
				CLANG_WARN_OBJC_IMPLICIT_RETAIN_SELF = YES;
				CLANG_WARN_OBJC_LITERAL_CONVERSION = YES;
				CLANG_WARN_OBJC_ROOT_CLASS = YES_ERROR;
				CLANG_WARN_QUOTED_INCLUDE_IN_FRAMEWORK_HEADER = YES;
				CLANG_WARN_RANGE_LOOP_ANALYSIS = YES;
				CLANG_WARN_STRICT_PROTOTYPES = YES;
				CLANG_WARN_SUSPICIOUS_MOVE = YES;
				CLANG_WARN_UNGUARDED_AVAILABILITY = YES_AGGRESSIVE;
				CLANG_WARN_UNREACHABLE_CODE = YES;
				CLANG_WARN__DUPLICATE_METHOD_MATCH = YES;
				COPY_PHASE_STRIP = NO;
				DEBUG_INFORMATION_FORMAT = dwarf;
				ENABLE_STRICT_OBJC_MSGSEND = YES;
				ENABLE_TESTABILITY = YES;
				ENABLE_USER_SCRIPT_SANDBOXING = YES;
				GCC_C_LANGUAGE_STANDARD = gnu17;
				GCC_DYNAMIC_NO_PIC = NO;
				GCC_NO_COMMON_BLOCKS = YES;
				GCC_OPTIMIZATION_LEVEL = 0;
				GCC_PREPROCESSOR_DEFINITIONS = (
					"DEBUG=1",
					"$(inherited)",
				);
				GCC_WARN_64_TO_32_BIT_CONVERSION = YES;
				GCC_WARN_ABOUT_RETURN_TYPE = YES_ERROR;
				GCC_WARN_UNDECLARED_SELECTOR = YES;
				GCC_WARN_UNINITIALIZED_AUTOS = YES_AGGRESSIVE;
				GCC_WARN_UNUSED_FUNCTION = YES;
				GCC_WARN_UNUSED_VARIABLE = YES;
				LOCALIZATION_PREFERS_STRING_CATALOGS = YES;
				MACOSX_DEPLOYMENT_TARGET = 14.2;
				MTL_ENABLE_DEBUG_INFO = INCLUDE_SOURCE;
				MTL_FAST_MATH = YES;
				ONLY_ACTIVE_ARCH = YES;
				SDKROOT = macosx;
				SWIFT_ACTIVE_COMPILATION_CONDITIONS = "DEBUG $(inherited)";
				SWIFT_OPTIMIZATION_LEVEL = "-Onone";
			};
			name = Debug;
		};
		C6F438BC2BC8BFB1004EC1C2 /* Release */ = {
			isa = XCBuildConfiguration;
			buildSettings = {
				ALWAYS_SEARCH_USER_PATHS = NO;
				ASSETCATALOG_COMPILER_GENERATE_SWIFT_ASSET_SYMBOL_EXTENSIONS = YES;
				CLANG_ANALYZER_NONNULL = YES;
				CLANG_ANALYZER_NUMBER_OBJECT_CONVERSION = YES_AGGRESSIVE;
				CLANG_CXX_LANGUAGE_STANDARD = "gnu++20";
				CLANG_ENABLE_MODULES = YES;
				CLANG_ENABLE_OBJC_ARC = YES;
				CLANG_ENABLE_OBJC_WEAK = YES;
				CLANG_WARN_BLOCK_CAPTURE_AUTORELEASING = YES;
				CLANG_WARN_BOOL_CONVERSION = YES;
				CLANG_WARN_COMMA = YES;
				CLANG_WARN_CONSTANT_CONVERSION = YES;
				CLANG_WARN_DEPRECATED_OBJC_IMPLEMENTATIONS = YES;
				CLANG_WARN_DIRECT_OBJC_ISA_USAGE = YES_ERROR;
				CLANG_WARN_DOCUMENTATION_COMMENTS = YES;
				CLANG_WARN_EMPTY_BODY = YES;
				CLANG_WARN_ENUM_CONVERSION = YES;
				CLANG_WARN_INFINITE_RECURSION = YES;
				CLANG_WARN_INT_CONVERSION = YES;
				CLANG_WARN_NON_LITERAL_NULL_CONVERSION = YES;
				CLANG_WARN_OBJC_IMPLICIT_RETAIN_SELF = YES;
				CLANG_WARN_OBJC_LITERAL_CONVERSION = YES;
				CLANG_WARN_OBJC_ROOT_CLASS = YES_ERROR;
				CLANG_WARN_QUOTED_INCLUDE_IN_FRAMEWORK_HEADER = YES;
				CLANG_WARN_RANGE_LOOP_ANALYSIS = YES;
				CLANG_WARN_STRICT_PROTOTYPES = YES;
				CLANG_WARN_SUSPICIOUS_MOVE = YES;
				CLANG_WARN_UNGUARDED_AVAILABILITY = YES_AGGRESSIVE;
				CLANG_WARN_UNREACHABLE_CODE = YES;
				CLANG_WARN__DUPLICATE_METHOD_MATCH = YES;
				COPY_PHASE_STRIP = NO;
				DEBUG_INFORMATION_FORMAT = "dwarf-with-dsym";
				ENABLE_NS_ASSERTIONS = NO;
				ENABLE_STRICT_OBJC_MSGSEND = YES;
				ENABLE_USER_SCRIPT_SANDBOXING = YES;
				GCC_C_LANGUAGE_STANDARD = gnu17;
				GCC_NO_COMMON_BLOCKS = YES;
				GCC_WARN_64_TO_32_BIT_CONVERSION = YES;
				GCC_WARN_ABOUT_RETURN_TYPE = YES_ERROR;
				GCC_WARN_UNDECLARED_SELECTOR = YES;
				GCC_WARN_UNINITIALIZED_AUTOS = YES_AGGRESSIVE;
				GCC_WARN_UNUSED_FUNCTION = YES;
				GCC_WARN_UNUSED_VARIABLE = YES;
				LOCALIZATION_PREFERS_STRING_CATALOGS = YES;
				MACOSX_DEPLOYMENT_TARGET = 14.2;
				MTL_ENABLE_DEBUG_INFO = NO;
				MTL_FAST_MATH = YES;
				SDKROOT = macosx;
				SWIFT_COMPILATION_MODE = wholemodule;
			};
			name = Release;
		};
		C6F438BE2BC8BFB1004EC1C2 /* Debug */ = {
			isa = XCBuildConfiguration;
			buildSettings = {
				ASSETCATALOG_COMPILER_APPICON_NAME = AppIcon;
				ASSETCATALOG_COMPILER_GLOBAL_ACCENT_COLOR_NAME = AccentColor;
				CODE_SIGN_ENTITLEMENTS = Timer/Timer.entitlements;
				CODE_SIGN_STYLE = Automatic;
				COMBINE_HIDPI_IMAGES = YES;
				CURRENT_PROJECT_VERSION = 1;
				DEVELOPMENT_ASSET_PATHS = "\"Timer/Preview Content\"";
				DEVELOPMENT_TEAM = 285ZKW5MPR;
				ENABLE_HARDENED_RUNTIME = YES;
				ENABLE_PREVIEWS = YES;
				GENERATE_INFOPLIST_FILE = YES;
				INFOPLIST_KEY_NSHumanReadableCopyright = "";
				LD_RUNPATH_SEARCH_PATHS = (
					"$(inherited)",
					"@executable_path/../Frameworks",
				);
				MARKETING_VERSION = 1.0;
				PRODUCT_BUNDLE_IDENTIFIER = kr.co.iyungui.Timer;
				PRODUCT_NAME = "$(TARGET_NAME)";
				SWIFT_EMIT_LOC_STRINGS = YES;
				SWIFT_VERSION = 5.0;
			};
			name = Debug;
		};
		C6F438BF2BC8BFB1004EC1C2 /* Release */ = {
			isa = XCBuildConfiguration;
			buildSettings = {
				ASSETCATALOG_COMPILER_APPICON_NAME = AppIcon;
				ASSETCATALOG_COMPILER_GLOBAL_ACCENT_COLOR_NAME = AccentColor;
				CODE_SIGN_ENTITLEMENTS = Timer/Timer.entitlements;
				CODE_SIGN_STYLE = Automatic;
				COMBINE_HIDPI_IMAGES = YES;
				CURRENT_PROJECT_VERSION = 1;
				DEVELOPMENT_ASSET_PATHS = "\"Timer/Preview Content\"";
				DEVELOPMENT_TEAM = 285ZKW5MPR;
				ENABLE_HARDENED_RUNTIME = YES;
				ENABLE_PREVIEWS = YES;
				GENERATE_INFOPLIST_FILE = YES;
				INFOPLIST_KEY_NSHumanReadableCopyright = "";
				LD_RUNPATH_SEARCH_PATHS = (
					"$(inherited)",
					"@executable_path/../Frameworks",
				);
				MARKETING_VERSION = 1.0;
				PRODUCT_BUNDLE_IDENTIFIER = kr.co.iyungui.Timer;
				PRODUCT_NAME = "$(TARGET_NAME)";
				SWIFT_EMIT_LOC_STRINGS = YES;
				SWIFT_VERSION = 5.0;
			};
			name = Release;
		};
/* End XCBuildConfiguration section */

/* Begin XCConfigurationList section */
		C6F438A92BC8BFAF004EC1C2 /* Build configuration list for PBXProject "Timer" */ = {
			isa = XCConfigurationList;
			buildConfigurations = (
				C6F438BB2BC8BFB1004EC1C2 /* Debug */,
				C6F438BC2BC8BFB1004EC1C2 /* Release */,
			);
			defaultConfigurationIsVisible = 0;
			defaultConfigurationName = Release;
		};
		C6F438BD2BC8BFB1004EC1C2 /* Build configuration list for PBXNativeTarget "Timer" */ = {
			isa = XCConfigurationList;
			buildConfigurations = (
				C6F438BE2BC8BFB1004EC1C2 /* Debug */,
				C6F438BF2BC8BFB1004EC1C2 /* Release */,
			);
			defaultConfigurationIsVisible = 0;
			defaultConfigurationName = Release;
		};
/* End XCConfigurationList section */
	};
	rootObject = C6F438A62BC8BFAF004EC1C2 /* Project object */;
}
