// !$*UTF8*$!
{
	archiveVersion = 1;
	classes = {
	};
	objectVersion = 56;
	objects = {

/* Begin PBXBuildFile section */
		4328F7102BC8E920008E1E8E /* jushin_TimerApp.swift in Sources */ = {isa = PBXBuildFile; fileRef = 4328F70F2BC8E920008E1E8E /* jushin_TimerApp.swift */; };
		4328F7122BC8E920008E1E8E /* ContentView.swift in Sources */ = {isa = PBXBuildFile; fileRef = 4328F7112BC8E920008E1E8E /* ContentView.swift */; };
		4328F7142BC8E920008E1E8E /* Assets.xcassets in Resources */ = {isa = PBXBuildFile; fileRef = 4328F7132BC8E920008E1E8E /* Assets.xcassets */; };
		4328F7172BC8E920008E1E8E /* Preview Assets.xcassets in Resources */ = {isa = PBXBuildFile; fileRef = 4328F7162BC8E920008E1E8E /* Preview Assets.xcassets */; };
		4328F73B2BC8EC07008E1E8E /* Beep.mov in Resources */ = {isa = PBXBuildFile; fileRef = 4328F73A2BC8EC07008E1E8E /* Beep.mov */; };
/* End PBXBuildFile section */

/* Begin PBXContainerItemProxy section */
		4328F71E2BC8E921008E1E8E /* PBXContainerItemProxy */ = {
			isa = PBXContainerItemProxy;
			containerPortal = 4328F7042BC8E920008E1E8E /* Project object */;
			proxyType = 1;
			remoteGlobalIDString = 4328F70B2BC8E920008E1E8E;
			remoteInfo = jushin_Timer;
		};
		4328F7282BC8E921008E1E8E /* PBXContainerItemProxy */ = {
			isa = PBXContainerItemProxy;
			containerPortal = 4328F7042BC8E920008E1E8E /* Project object */;
			proxyType = 1;
			remoteGlobalIDString = 4328F70B2BC8E920008E1E8E;
			remoteInfo = jushin_Timer;
		};
/* End PBXContainerItemProxy section */

/* Begin PBXFileReference section */
		4328F70C2BC8E920008E1E8E /* jushin_Timer.app */ = {isa = PBXFileReference; explicitFileType = wrapper.application; includeInIndex = 0; path = jushin_Timer.app; sourceTree = BUILT_PRODUCTS_DIR; };
		4328F70F2BC8E920008E1E8E /* jushin_TimerApp.swift */ = {isa = PBXFileReference; lastKnownFileType = sourcecode.swift; path = jushin_TimerApp.swift; sourceTree = "<group>"; };
		4328F7112BC8E920008E1E8E /* ContentView.swift */ = {isa = PBXFileReference; lastKnownFileType = sourcecode.swift; path = ContentView.swift; sourceTree = "<group>"; };
		4328F7132BC8E920008E1E8E /* Assets.xcassets */ = {isa = PBXFileReference; lastKnownFileType = folder.assetcatalog; path = Assets.xcassets; sourceTree = "<group>"; };
		4328F7162BC8E920008E1E8E /* Preview Assets.xcassets */ = {isa = PBXFileReference; lastKnownFileType = folder.assetcatalog; path = "Preview Assets.xcassets"; sourceTree = "<group>"; };
		4328F7182BC8E920008E1E8E /* jushin_Timer.entitlements */ = {isa = PBXFileReference; lastKnownFileType = text.plist.entitlements; path = jushin_Timer.entitlements; sourceTree = "<group>"; };
		4328F71D2BC8E921008E1E8E /* jushin_TimerTests.xctest */ = {isa = PBXFileReference; explicitFileType = wrapper.cfbundle; includeInIndex = 0; path = jushin_TimerTests.xctest; sourceTree = BUILT_PRODUCTS_DIR; };
		4328F7272BC8E921008E1E8E /* jushin_TimerUITests.xctest */ = {isa = PBXFileReference; explicitFileType = wrapper.cfbundle; includeInIndex = 0; path = jushin_TimerUITests.xctest; sourceTree = BUILT_PRODUCTS_DIR; };
		4328F73A2BC8EC07008E1E8E /* Beep.mov */ = {isa = PBXFileReference; lastKnownFileType = video.quicktime; path = Beep.mov; sourceTree = "<group>"; };
/* End PBXFileReference section */

/* Begin PBXFrameworksBuildPhase section */
		4328F7092BC8E920008E1E8E /* Frameworks */ = {
			isa = PBXFrameworksBuildPhase;
			buildActionMask = 2147483647;
			files = (
			);
			runOnlyForDeploymentPostprocessing = 0;
		};
		4328F71A2BC8E921008E1E8E /* Frameworks */ = {
			isa = PBXFrameworksBuildPhase;
			buildActionMask = 2147483647;
			files = (
			);
			runOnlyForDeploymentPostprocessing = 0;
		};
		4328F7242BC8E921008E1E8E /* Frameworks */ = {
			isa = PBXFrameworksBuildPhase;
			buildActionMask = 2147483647;
			files = (
			);
			runOnlyForDeploymentPostprocessing = 0;
		};
/* End PBXFrameworksBuildPhase section */

/* Begin PBXGroup section */
		4328F7032BC8E920008E1E8E = {
			isa = PBXGroup;
			children = (
				4328F70E2BC8E920008E1E8E /* jushin_Timer */,
				4328F70D2BC8E920008E1E8E /* Products */,
			);
			sourceTree = "<group>";
		};
		4328F70D2BC8E920008E1E8E /* Products */ = {
			isa = PBXGroup;
			children = (
				4328F70C2BC8E920008E1E8E /* jushin_Timer.app */,
				4328F71D2BC8E921008E1E8E /* jushin_TimerTests.xctest */,
				4328F7272BC8E921008E1E8E /* jushin_TimerUITests.xctest */,
			);
			name = Products;
			sourceTree = "<group>";
		};
		4328F70E2BC8E920008E1E8E /* jushin_Timer */ = {
			isa = PBXGroup;
			children = (
				4328F70F2BC8E920008E1E8E /* jushin_TimerApp.swift */,
				4328F7112BC8E920008E1E8E /* ContentView.swift */,
				4328F7132BC8E920008E1E8E /* Assets.xcassets */,
				4328F7182BC8E920008E1E8E /* jushin_Timer.entitlements */,
				4328F73A2BC8EC07008E1E8E /* Beep.mov */,
				4328F7152BC8E920008E1E8E /* Preview Content */,
			);
			path = jushin_Timer;
			sourceTree = "<group>";
		};
		4328F7152BC8E920008E1E8E /* Preview Content */ = {
			isa = PBXGroup;
			children = (
				4328F7162BC8E920008E1E8E /* Preview Assets.xcassets */,
			);
			path = "Preview Content";
			sourceTree = "<group>";
		};
/* End PBXGroup section */

/* Begin PBXNativeTarget section */
		4328F70B2BC8E920008E1E8E /* jushin_Timer */ = {
			isa = PBXNativeTarget;
			buildConfigurationList = 4328F7312BC8E921008E1E8E /* Build configuration list for PBXNativeTarget "jushin_Timer" */;
			buildPhases = (
				4328F7082BC8E920008E1E8E /* Sources */,
				4328F7092BC8E920008E1E8E /* Frameworks */,
				4328F70A2BC8E920008E1E8E /* Resources */,
			);
			buildRules = (
			);
			dependencies = (
			);
			name = jushin_Timer;
			productName = jushin_Timer;
			productReference = 4328F70C2BC8E920008E1E8E /* jushin_Timer.app */;
			productType = "com.apple.product-type.application";
		};
		4328F71C2BC8E921008E1E8E /* jushin_TimerTests */ = {
			isa = PBXNativeTarget;
			buildConfigurationList = 4328F7342BC8E921008E1E8E /* Build configuration list for PBXNativeTarget "jushin_TimerTests" */;
			buildPhases = (
				4328F7192BC8E921008E1E8E /* Sources */,
				4328F71A2BC8E921008E1E8E /* Frameworks */,
				4328F71B2BC8E921008E1E8E /* Resources */,
			);
			buildRules = (
			);
			dependencies = (
				4328F71F2BC8E921008E1E8E /* PBXTargetDependency */,
			);
			name = jushin_TimerTests;
			productName = jushin_TimerTests;
			productReference = 4328F71D2BC8E921008E1E8E /* jushin_TimerTests.xctest */;
			productType = "com.apple.product-type.bundle.unit-test";
		};
		4328F7262BC8E921008E1E8E /* jushin_TimerUITests */ = {
			isa = PBXNativeTarget;
			buildConfigurationList = 4328F7372BC8E921008E1E8E /* Build configuration list for PBXNativeTarget "jushin_TimerUITests" */;
			buildPhases = (
				4328F7232BC8E921008E1E8E /* Sources */,
				4328F7242BC8E921008E1E8E /* Frameworks */,
				4328F7252BC8E921008E1E8E /* Resources */,
			);
			buildRules = (
			);
			dependencies = (
				4328F7292BC8E921008E1E8E /* PBXTargetDependency */,
			);
			name = jushin_TimerUITests;
			productName = jushin_TimerUITests;
			productReference = 4328F7272BC8E921008E1E8E /* jushin_TimerUITests.xctest */;
			productType = "com.apple.product-type.bundle.ui-testing";
		};
/* End PBXNativeTarget section */

/* Begin PBXProject section */
		4328F7042BC8E920008E1E8E /* Project object */ = {
			isa = PBXProject;
			attributes = {
				BuildIndependentTargetsInParallel = 1;
				LastSwiftUpdateCheck = 1530;
				LastUpgradeCheck = 1530;
				TargetAttributes = {
					4328F70B2BC8E920008E1E8E = {
						CreatedOnToolsVersion = 15.3;
					};
					4328F71C2BC8E921008E1E8E = {
						CreatedOnToolsVersion = 15.3;
						TestTargetID = 4328F70B2BC8E920008E1E8E;
					};
					4328F7262BC8E921008E1E8E = {
						CreatedOnToolsVersion = 15.3;
						TestTargetID = 4328F70B2BC8E920008E1E8E;
					};
				};
			};
			buildConfigurationList = 4328F7072BC8E920008E1E8E /* Build configuration list for PBXProject "jushin_Timer" */;
			compatibilityVersion = "Xcode 14.0";
			developmentRegion = en;
			hasScannedForEncodings = 0;
			knownRegions = (
				en,
				Base,
			);
			mainGroup = 4328F7032BC8E920008E1E8E;
			productRefGroup = 4328F70D2BC8E920008E1E8E /* Products */;
			projectDirPath = "";
			projectRoot = "";
			targets = (
				4328F70B2BC8E920008E1E8E /* jushin_Timer */,
				4328F71C2BC8E921008E1E8E /* jushin_TimerTests */,
				4328F7262BC8E921008E1E8E /* jushin_TimerUITests */,
			);
		};
/* End PBXProject section */

/* Begin PBXResourcesBuildPhase section */
		4328F70A2BC8E920008E1E8E /* Resources */ = {
			isa = PBXResourcesBuildPhase;
			buildActionMask = 2147483647;
			files = (
				4328F7172BC8E920008E1E8E /* Preview Assets.xcassets in Resources */,
				4328F73B2BC8EC07008E1E8E /* Beep.mov in Resources */,
				4328F7142BC8E920008E1E8E /* Assets.xcassets in Resources */,
			);
			runOnlyForDeploymentPostprocessing = 0;
		};
		4328F71B2BC8E921008E1E8E /* Resources */ = {
			isa = PBXResourcesBuildPhase;
			buildActionMask = 2147483647;
			files = (
			);
			runOnlyForDeploymentPostprocessing = 0;
		};
		4328F7252BC8E921008E1E8E /* Resources */ = {
			isa = PBXResourcesBuildPhase;
			buildActionMask = 2147483647;
			files = (
			);
			runOnlyForDeploymentPostprocessing = 0;
		};
/* End PBXResourcesBuildPhase section */

/* Begin PBXSourcesBuildPhase section */
		4328F7082BC8E920008E1E8E /* Sources */ = {
			isa = PBXSourcesBuildPhase;
			buildActionMask = 2147483647;
			files = (
				4328F7122BC8E920008E1E8E /* ContentView.swift in Sources */,
				4328F7102BC8E920008E1E8E /* jushin_TimerApp.swift in Sources */,
			);
			runOnlyForDeploymentPostprocessing = 0;
		};
		4328F7192BC8E921008E1E8E /* Sources */ = {
			isa = PBXSourcesBuildPhase;
			buildActionMask = 2147483647;
			files = (
			);
			runOnlyForDeploymentPostprocessing = 0;
		};
		4328F7232BC8E921008E1E8E /* Sources */ = {
			isa = PBXSourcesBuildPhase;
			buildActionMask = 2147483647;
			files = (
			);
			runOnlyForDeploymentPostprocessing = 0;
		};
/* End PBXSourcesBuildPhase section */

/* Begin PBXTargetDependency section */
		4328F71F2BC8E921008E1E8E /* PBXTargetDependency */ = {
			isa = PBXTargetDependency;
			target = 4328F70B2BC8E920008E1E8E /* jushin_Timer */;
			targetProxy = 4328F71E2BC8E921008E1E8E /* PBXContainerItemProxy */;
		};
		4328F7292BC8E921008E1E8E /* PBXTargetDependency */ = {
			isa = PBXTargetDependency;
			target = 4328F70B2BC8E920008E1E8E /* jushin_Timer */;
			targetProxy = 4328F7282BC8E921008E1E8E /* PBXContainerItemProxy */;
		};
/* End PBXTargetDependency section */

/* Begin XCBuildConfiguration section */
		4328F72F2BC8E921008E1E8E /* Debug */ = {
			isa = XCBuildConfiguration;
			buildSettings = {
				ALWAYS_SEARCH_USER_PATHS = NO;
				ASSETCATALOG_COMPILER_GENERATE_SWIFT_ASSET_SYMBOL_EXTENSIONS = YES;
				CLANG_ANALYZER_NONNULL = YES;
				CLANG_ANALYZER_NUMBER_OBJECT_CONVERSION = YES_AGGRESSIVE;
				CLANG_CXX_LANGUAGE_STANDARD = "gnu++20";
				CLANG_ENABLE_MODULES = YES;
				CLANG_ENABLE_OBJC_ARC = YES;
				CLANG_ENABLE_OBJC_WEAK = YES;
				CLANG_WARN_BLOCK_CAPTURE_AUTORELEASING = YES;
				CLANG_WARN_BOOL_CONVERSION = YES;
				CLANG_WARN_COMMA = YES;
				CLANG_WARN_CONSTANT_CONVERSION = YES;
				CLANG_WARN_DEPRECATED_OBJC_IMPLEMENTATIONS = YES;
				CLANG_WARN_DIRECT_OBJC_ISA_USAGE = YES_ERROR;
				CLANG_WARN_DOCUMENTATION_COMMENTS = YES;
				CLANG_WARN_EMPTY_BODY = YES;
				CLANG_WARN_ENUM_CONVERSION = YES;
				CLANG_WARN_INFINITE_RECURSION = YES;
				CLANG_WARN_INT_CONVERSION = YES;
				CLANG_WARN_NON_LITERAL_NULL_CONVERSION = YES;
				CLANG_WARN_OBJC_IMPLICIT_RETAIN_SELF = YES;
				CLANG_WARN_OBJC_LITERAL_CONVERSION = YES;
				CLANG_WARN_OBJC_ROOT_CLASS = YES_ERROR;
				CLANG_WARN_QUOTED_INCLUDE_IN_FRAMEWORK_HEADER = YES;
				CLANG_WARN_RANGE_LOOP_ANALYSIS = YES;
				CLANG_WARN_STRICT_PROTOTYPES = YES;
				CLANG_WARN_SUSPICIOUS_MOVE = YES;
				CLANG_WARN_UNGUARDED_AVAILABILITY = YES_AGGRESSIVE;
				CLANG_WARN_UNREACHABLE_CODE = YES;
				CLANG_WARN__DUPLICATE_METHOD_MATCH = YES;
				COPY_PHASE_STRIP = NO;
				DEBUG_INFORMATION_FORMAT = dwarf;
				ENABLE_STRICT_OBJC_MSGSEND = YES;
				ENABLE_TESTABILITY = YES;
				ENABLE_USER_SCRIPT_SANDBOXING = YES;
				GCC_C_LANGUAGE_STANDARD = gnu17;
				GCC_DYNAMIC_NO_PIC = NO;
				GCC_NO_COMMON_BLOCKS = YES;
				GCC_OPTIMIZATION_LEVEL = 0;
				GCC_PREPROCESSOR_DEFINITIONS = (
					"DEBUG=1",
					"$(inherited)",
				);
				GCC_WARN_64_TO_32_BIT_CONVERSION = YES;
				GCC_WARN_ABOUT_RETURN_TYPE = YES_ERROR;
				GCC_WARN_UNDECLARED_SELECTOR = YES;
				GCC_WARN_UNINITIALIZED_AUTOS = YES_AGGRESSIVE;
				GCC_WARN_UNUSED_FUNCTION = YES;
				GCC_WARN_UNUSED_VARIABLE = YES;
				LOCALIZATION_PREFERS_STRING_CATALOGS = YES;
				MACOSX_DEPLOYMENT_TARGET = 14.4;
				MTL_ENABLE_DEBUG_INFO = INCLUDE_SOURCE;
				MTL_FAST_MATH = YES;
				ONLY_ACTIVE_ARCH = YES;
				SDKROOT = macosx;
				SWIFT_ACTIVE_COMPILATION_CONDITIONS = "DEBUG $(inherited)";
				SWIFT_OPTIMIZATION_LEVEL = "-Onone";
			};
			name = Debug;
		};
		4328F7302BC8E921008E1E8E /* Release */ = {
			isa = XCBuildConfiguration;
			buildSettings = {
				ALWAYS_SEARCH_USER_PATHS = NO;
				ASSETCATALOG_COMPILER_GENERATE_SWIFT_ASSET_SYMBOL_EXTENSIONS = YES;
				CLANG_ANALYZER_NONNULL = YES;
				CLANG_ANALYZER_NUMBER_OBJECT_CONVERSION = YES_AGGRESSIVE;
				CLANG_CXX_LANGUAGE_STANDARD = "gnu++20";
				CLANG_ENABLE_MODULES = YES;
				CLANG_ENABLE_OBJC_ARC = YES;
				CLANG_ENABLE_OBJC_WEAK = YES;
				CLANG_WARN_BLOCK_CAPTURE_AUTORELEASING = YES;
				CLANG_WARN_BOOL_CONVERSION = YES;
				CLANG_WARN_COMMA = YES;
				CLANG_WARN_CONSTANT_CONVERSION = YES;
				CLANG_WARN_DEPRECATED_OBJC_IMPLEMENTATIONS = YES;
				CLANG_WARN_DIRECT_OBJC_ISA_USAGE = YES_ERROR;
				CLANG_WARN_DOCUMENTATION_COMMENTS = YES;
				CLANG_WARN_EMPTY_BODY = YES;
				CLANG_WARN_ENUM_CONVERSION = YES;
				CLANG_WARN_INFINITE_RECURSION = YES;
				CLANG_WARN_INT_CONVERSION = YES;
				CLANG_WARN_NON_LITERAL_NULL_CONVERSION = YES;
				CLANG_WARN_OBJC_IMPLICIT_RETAIN_SELF = YES;
				CLANG_WARN_OBJC_LITERAL_CONVERSION = YES;
				CLANG_WARN_OBJC_ROOT_CLASS = YES_ERROR;
				CLANG_WARN_QUOTED_INCLUDE_IN_FRAMEWORK_HEADER = YES;
				CLANG_WARN_RANGE_LOOP_ANALYSIS = YES;
				CLANG_WARN_STRICT_PROTOTYPES = YES;
				CLANG_WARN_SUSPICIOUS_MOVE = YES;
				CLANG_WARN_UNGUARDED_AVAILABILITY = YES_AGGRESSIVE;
				CLANG_WARN_UNREACHABLE_CODE = YES;
				CLANG_WARN__DUPLICATE_METHOD_MATCH = YES;
				COPY_PHASE_STRIP = NO;
				DEBUG_INFORMATION_FORMAT = "dwarf-with-dsym";
				ENABLE_NS_ASSERTIONS = NO;
				ENABLE_STRICT_OBJC_MSGSEND = YES;
				ENABLE_USER_SCRIPT_SANDBOXING = YES;
				GCC_C_LANGUAGE_STANDARD = gnu17;
				GCC_NO_COMMON_BLOCKS = YES;
				GCC_WARN_64_TO_32_BIT_CONVERSION = YES;
				GCC_WARN_ABOUT_RETURN_TYPE = YES_ERROR;
				GCC_WARN_UNDECLARED_SELECTOR = YES;
				GCC_WARN_UNINITIALIZED_AUTOS = YES_AGGRESSIVE;
				GCC_WARN_UNUSED_FUNCTION = YES;
				GCC_WARN_UNUSED_VARIABLE = YES;
				LOCALIZATION_PREFERS_STRING_CATALOGS = YES;
				MACOSX_DEPLOYMENT_TARGET = 14.4;
				MTL_ENABLE_DEBUG_INFO = NO;
				MTL_FAST_MATH = YES;
				SDKROOT = macosx;
				SWIFT_COMPILATION_MODE = wholemodule;
			};
			name = Release;
		};
		4328F7322BC8E921008E1E8E /* Debug */ = {
			isa = XCBuildConfiguration;
			buildSettings = {
				ASSETCATALOG_COMPILER_APPICON_NAME = AppIcon;
				ASSETCATALOG_COMPILER_GLOBAL_ACCENT_COLOR_NAME = AccentColor;
				CODE_SIGN_ENTITLEMENTS = jushin_Timer/jushin_Timer.entitlements;
				CODE_SIGN_STYLE = Automatic;
				COMBINE_HIDPI_IMAGES = YES;
				CURRENT_PROJECT_VERSION = 1;
				DEVELOPMENT_ASSET_PATHS = "\"jushin_Timer/Preview Content\"";
				ENABLE_PREVIEWS = YES;
				GENERATE_INFOPLIST_FILE = YES;
				INFOPLIST_KEY_NSHumanReadableCopyright = "";
				LD_RUNPATH_SEARCH_PATHS = (
					"$(inherited)",
					"@executable_path/../Frameworks",
				);
				MARKETING_VERSION = 1.0;
				PRODUCT_BUNDLE_IDENTIFIER = "net.jayshin.jushin-Timer";
				PRODUCT_NAME = "$(TARGET_NAME)";
				SWIFT_EMIT_LOC_STRINGS = YES;
				SWIFT_VERSION = 5.0;
			};
			name = Debug;
		};
		4328F7332BC8E921008E1E8E /* Release */ = {
			isa = XCBuildConfiguration;
			buildSettings = {
				ASSETCATALOG_COMPILER_APPICON_NAME = AppIcon;
				ASSETCATALOG_COMPILER_GLOBAL_ACCENT_COLOR_NAME = AccentColor;
				CODE_SIGN_ENTITLEMENTS = jushin_Timer/jushin_Timer.entitlements;
				CODE_SIGN_STYLE = Automatic;
				COMBINE_HIDPI_IMAGES = YES;
				CURRENT_PROJECT_VERSION = 1;
				DEVELOPMENT_ASSET_PATHS = "\"jushin_Timer/Preview Content\"";
				ENABLE_PREVIEWS = YES;
				GENERATE_INFOPLIST_FILE = YES;
				INFOPLIST_KEY_NSHumanReadableCopyright = "";
				LD_RUNPATH_SEARCH_PATHS = (
					"$(inherited)",
					"@executable_path/../Frameworks",
				);
				MARKETING_VERSION = 1.0;
				PRODUCT_BUNDLE_IDENTIFIER = "net.jayshin.jushin-Timer";
				PRODUCT_NAME = "$(TARGET_NAME)";
				SWIFT_EMIT_LOC_STRINGS = YES;
				SWIFT_VERSION = 5.0;
			};
			name = Release;
		};
		4328F7352BC8E921008E1E8E /* Debug */ = {
			isa = XCBuildConfiguration;
			buildSettings = {
				ALWAYS_EMBED_SWIFT_STANDARD_LIBRARIES = YES;
				BUNDLE_LOADER = "$(TEST_HOST)";
				CODE_SIGN_STYLE = Automatic;
				CURRENT_PROJECT_VERSION = 1;
				GENERATE_INFOPLIST_FILE = YES;
				MACOSX_DEPLOYMENT_TARGET = 14.4;
				MARKETING_VERSION = 1.0;
				PRODUCT_BUNDLE_IDENTIFIER = "net.jayshin.jushin-TimerTests";
				PRODUCT_NAME = "$(TARGET_NAME)";
				SWIFT_EMIT_LOC_STRINGS = NO;
				SWIFT_VERSION = 5.0;
				TEST_HOST = "$(BUILT_PRODUCTS_DIR)/jushin_Timer.app/$(BUNDLE_EXECUTABLE_FOLDER_PATH)/jushin_Timer";
			};
			name = Debug;
		};
		4328F7362BC8E921008E1E8E /* Release */ = {
			isa = XCBuildConfiguration;
			buildSettings = {
				ALWAYS_EMBED_SWIFT_STANDARD_LIBRARIES = YES;
				BUNDLE_LOADER = "$(TEST_HOST)";
				CODE_SIGN_STYLE = Automatic;
				CURRENT_PROJECT_VERSION = 1;
				GENERATE_INFOPLIST_FILE = YES;
				MACOSX_DEPLOYMENT_TARGET = 14.4;
				MARKETING_VERSION = 1.0;
				PRODUCT_BUNDLE_IDENTIFIER = "net.jayshin.jushin-TimerTests";
				PRODUCT_NAME = "$(TARGET_NAME)";
				SWIFT_EMIT_LOC_STRINGS = NO;
				SWIFT_VERSION = 5.0;
				TEST_HOST = "$(BUILT_PRODUCTS_DIR)/jushin_Timer.app/$(BUNDLE_EXECUTABLE_FOLDER_PATH)/jushin_Timer";
			};
			name = Release;
		};
		4328F7382BC8E921008E1E8E /* Debug */ = {
			isa = XCBuildConfiguration;
			buildSettings = {
				ALWAYS_EMBED_SWIFT_STANDARD_LIBRARIES = YES;
				CODE_SIGN_STYLE = Automatic;
				CURRENT_PROJECT_VERSION = 1;
				GENERATE_INFOPLIST_FILE = YES;
				MARKETING_VERSION = 1.0;
				PRODUCT_BUNDLE_IDENTIFIER = "net.jayshin.jushin-TimerUITests";
				PRODUCT_NAME = "$(TARGET_NAME)";
				SWIFT_EMIT_LOC_STRINGS = NO;
				SWIFT_VERSION = 5.0;
				TEST_TARGET_NAME = jushin_Timer;
			};
			name = Debug;
		};
		4328F7392BC8E921008E1E8E /* Release */ = {
			isa = XCBuildConfiguration;
			buildSettings = {
				ALWAYS_EMBED_SWIFT_STANDARD_LIBRARIES = YES;
				CODE_SIGN_STYLE = Automatic;
				CURRENT_PROJECT_VERSION = 1;
				GENERATE_INFOPLIST_FILE = YES;
				MARKETING_VERSION = 1.0;
				PRODUCT_BUNDLE_IDENTIFIER = "net.jayshin.jushin-TimerUITests";
				PRODUCT_NAME = "$(TARGET_NAME)";
				SWIFT_EMIT_LOC_STRINGS = NO;
				SWIFT_VERSION = 5.0;
				TEST_TARGET_NAME = jushin_Timer;
			};
			name = Release;
		};
/* End XCBuildConfiguration section */

/* Begin XCConfigurationList section */
		4328F7072BC8E920008E1E8E /* Build configuration list for PBXProject "jushin_Timer" */ = {
			isa = XCConfigurationList;
			buildConfigurations = (
				4328F72F2BC8E921008E1E8E /* Debug */,
				4328F7302BC8E921008E1E8E /* Release */,
			);
			defaultConfigurationIsVisible = 0;
			defaultConfigurationName = Release;
		};
		4328F7312BC8E921008E1E8E /* Build configuration list for PBXNativeTarget "jushin_Timer" */ = {
			isa = XCConfigurationList;
			buildConfigurations = (
				4328F7322BC8E921008E1E8E /* Debug */,
				4328F7332BC8E921008E1E8E /* Release */,
			);
			defaultConfigurationIsVisible = 0;
			defaultConfigurationName = Release;
		};
		4328F7342BC8E921008E1E8E /* Build configuration list for PBXNativeTarget "jushin_TimerTests" */ = {
			isa = XCConfigurationList;
			buildConfigurations = (
				4328F7352BC8E921008E1E8E /* Debug */,
				4328F7362BC8E921008E1E8E /* Release */,
			);
			defaultConfigurationIsVisible = 0;
			defaultConfigurationName = Release;
		};
		4328F7372BC8E921008E1E8E /* Build configuration list for PBXNativeTarget "jushin_TimerUITests" */ = {
			isa = XCConfigurationList;
			buildConfigurations = (
				4328F7382BC8E921008E1E8E /* Debug */,
				4328F7392BC8E921008E1E8E /* Release */,
			);
			defaultConfigurationIsVisible = 0;
			defaultConfigurationName = Release;
		};
/* End XCConfigurationList section */
	};
	rootObject = 4328F7042BC8E920008E1E8E /* Project object */;
}
